
Microsoft Visual Studio Solution File, Format Version 12.00
# Visual Studio Version 17
VisualStudioVersion = 17.3.32901.215
MinimumVisualStudioVersion = 10.0.40219.1
Project("{FAE04EC0-301F-11D3-BF4B-00C04F79EFBC}") = "CustomException", "CustomExeption\CustomException.csproj", "{933939C8-A98B-4461-A8D3-9C2E32041B1D}"
EndProject
Global
	GlobalSection(SolutionConfigurationPlatforms) = preSolution
		Debug|Any CPU = Debug|Any CPU
		Release|Any CPU = Release|Any CPU
	EndGlobalSection
	GlobalSection(ProjectConfigurationPlatforms) = postSolution
		{933939C8-A98B-4461-A8D3-9C2E32041B1D}.Debug|Any CPU.ActiveCfg = Debug|Any CPU
		{933939C8-A98B-4461-A8D3-9C2E32041B1D}.Debug|Any CPU.Build.0 = Debug|Any CPU
		{933939C8-A98B-4461-A8D3-9C2E32041B1D}.Release|Any CPU.ActiveCfg = Release|Any CPU
		{933939C8-A98B-4461-A8D3-9C2E32041B1D}.Release|Any CPU.Build.0 = Release|Any CPU
	EndGlobalSection
	GlobalSection(SolutionProperties) = preSolution
		HideSolutionNode = FALSE
	EndGlobalSection
	GlobalSection(ExtensibilityGlobals) = postSolution
		SolutionGuid = {ED3885A0-14E7-4032-A1FC-380E30E8C4DE}
	EndGlobalSection
EndGlobal
